
Microsoft Visual Studio Solution File, Format Version 12.00
# Visual Studio Version 17
VisualStudioVersion = 17.8.34408.163
MinimumVisualStudioVersion = 10.0.40219.1
Project("{FAE04EC0-301F-11D3-BF4B-00C04F79EFBC}") = "ContextMenuStrip kontrola", "ContextMenuStrip kontrola\ContextMenuStrip kontrola.csproj", "{978DB02E-CA5F-46C1-92B0-432348DC8183}"
EndProject
Global
	GlobalSection(SolutionConfigurationPlatforms) = preSolution
		Debug|Any CPU = Debug|Any CPU
		Release|Any CPU = Release|Any CPU
	EndGlobalSection
	GlobalSection(ProjectConfigurationPlatforms) = postSolution
		{978DB02E-CA5F-46C1-92B0-432348DC8183}.Debug|Any CPU.ActiveCfg = Debug|Any CPU
		{978DB02E-CA5F-46C1-92B0-432348DC8183}.Debug|Any CPU.Build.0 = Debug|Any CPU
		{978DB02E-CA5F-46C1-92B0-432348DC8183}.Release|Any CPU.ActiveCfg = Release|Any CPU
		{978DB02E-CA5F-46C1-92B0-432348DC8183}.Release|Any CPU.Build.0 = Release|Any CPU
	EndGlobalSection
	GlobalSection(SolutionProperties) = preSolution
		HideSolutionNode = FALSE
	EndGlobalSection
	GlobalSection(ExtensibilityGlobals) = postSolution
		SolutionGuid = {2DA2CD05-D1F5-4BD5-B631-0EB3752562DE}
	EndGlobalSection
EndGlobal
